// !$*UTF8*$!
{
	archiveVersion = 1;
	classes = {
	};
	objectVersion = 50;
	objects = {

/* Begin PBXBuildFile section */
		720276F3204DE9B1004A9C6B /* AppDelegate.swift in Sources */ = {isa = PBXBuildFile; fileRef = 720276F2204DE9B1004A9C6B /* AppDelegate.swift */; };
		720276F5204DE9B1004A9C6B /* ViewControlleeeer.swift in Sources */ = {isa = PBXBuildFile; fileRef = 720276F4204DE9B1004A9C6B /* ViewControlleeeer.swift */; };
		720276F8204DE9B1004A9C6B /* Main.storyboard in Resources */ = {isa = PBXBuildFile; fileRef = 720276F6204DE9B1004A9C6B /* Main.storyboard */; };
		720276FA204DE9B3004A9C6B /* Assets.xcassets in Resources */ = {isa = PBXBuildFile; fileRef = 720276F9204DE9B3004A9C6B /* Assets.xcassets */; };
		720276FD204DE9B3004A9C6B /* LaunchScreen.storyboard in Resources */ = {isa = PBXBuildFile; fileRef = 720276FB204DE9B3004A9C6B /* LaunchScreen.storyboard */; };
		72027708204DE9B3004A9C6B /* templatetestTests.swift in Sources */ = {isa = PBXBuildFile; fileRef = 72027707204DE9B3004A9C6B /* templatetestTests.swift */; };
		72027713204DE9B3004A9C6B /* templatetestUITests.swift in Sources */ = {isa = PBXBuildFile; fileRef = 72027712204DE9B3004A9C6B /* templatetestUITests.swift */; };
		72FF0054205068B200A89FE3 /* eststr.swift in Sources */ = {isa = PBXBuildFile; fileRef = 72FF0053205068B200A89FE3 /* eststr.swift */; };
/* End PBXBuildFile section */

/* Begin PBXContainerItemProxy section */
		72027704204DE9B3004A9C6B /* PBXContainerItemProxy */ = {
			isa = PBXContainerItemProxy;
			containerPortal = 720276E7204DE9B1004A9C6B /* Project object */;
			proxyType = 1;
			remoteGlobalIDString = 720276EE204DE9B1004A9C6B;
			remoteInfo = templatetest;
		};
		7202770F204DE9B3004A9C6B /* PBXContainerItemProxy */ = {
			isa = PBXContainerItemProxy;
			containerPortal = 720276E7204DE9B1004A9C6B /* Project object */;
			proxyType = 1;
			remoteGlobalIDString = 720276EE204DE9B1004A9C6B;
			remoteInfo = templatetest;
		};
/* End PBXContainerItemProxy section */

/* Begin PBXFileReference section */
		720276EF204DE9B1004A9C6B /* templatetest.app */ = {isa = PBXFileReference; explicitFileType = wrapper.application; includeInIndex = 0; path = templatetest.app; sourceTree = BUILT_PRODUCTS_DIR; };
		720276F2204DE9B1004A9C6B /* AppDelegate.swift */ = {isa = PBXFileReference; lastKnownFileType = sourcecode.swift; path = AppDelegate.swift; sourceTree = "<group>"; };
		720276F4204DE9B1004A9C6B /* ViewControlleeeer.swift */ = {isa = PBXFileReference; lastKnownFileType = sourcecode.swift; path = ViewControlleeeer.swift; sourceTree = "<group>"; };
		720276F7204DE9B1004A9C6B /* Base */ = {isa = PBXFileReference; lastKnownFileType = file.storyboard; name = Base; path = Base.lproj/Main.storyboard; sourceTree = "<group>"; };
		720276F9204DE9B3004A9C6B /* Assets.xcassets */ = {isa = PBXFileReference; lastKnownFileType = folder.assetcatalog; path = Assets.xcassets; sourceTree = "<group>"; };
		720276FC204DE9B3004A9C6B /* Base */ = {isa = PBXFileReference; lastKnownFileType = file.storyboard; name = Base; path = Base.lproj/LaunchScreen.storyboard; sourceTree = "<group>"; };
		72027703204DE9B3004A9C6B /* templatetestTests.xctest */ = {isa = PBXFileReference; explicitFileType = wrapper.cfbundle; includeInIndex = 0; path = templatetestTests.xctest; sourceTree = BUILT_PRODUCTS_DIR; };
		72027707204DE9B3004A9C6B /* templatetestTests.swift */ = {isa = PBXFileReference; lastKnownFileType = sourcecode.swift; path = templatetestTests.swift; sourceTree = "<group>"; };
		72027709204DE9B3004A9C6B /* Info.plist */ = {isa = PBXFileReference; lastKnownFileType = text.plist.xml; path = Info.plist; sourceTree = "<group>"; };
		7202770E204DE9B3004A9C6B /* templatetestUITests.xctest */ = {isa = PBXFileReference; explicitFileType = wrapper.cfbundle; includeInIndex = 0; path = templatetestUITests.xctest; sourceTree = BUILT_PRODUCTS_DIR; };
		72027712204DE9B3004A9C6B /* templatetestUITests.swift */ = {isa = PBXFileReference; lastKnownFileType = sourcecode.swift; path = templatetestUITests.swift; sourceTree = "<group>"; };
		72027714204DE9B3004A9C6B /* Info.plist */ = {isa = PBXFileReference; lastKnownFileType = text.plist.xml; path = Info.plist; sourceTree = "<group>"; };
		72FF0053205068B200A89FE3 /* eststr.swift */ = {isa = PBXFileReference; lastKnownFileType = sourcecode.swift; path = eststr.swift; sourceTree = "<group>"; };
/* End PBXFileReference section */

/* Begin PBXFrameworksBuildPhase section */
		720276EC204DE9B1004A9C6B /* Frameworks */ = {
			isa = PBXFrameworksBuildPhase;
			buildActionMask = 2147483647;
			files = (
			);
			runOnlyForDeploymentPostprocessing = 0;
		};
		72027700204DE9B3004A9C6B /* Frameworks */ = {
			isa = PBXFrameworksBuildPhase;
			buildActionMask = 2147483647;
			files = (
			);
			runOnlyForDeploymentPostprocessing = 0;
		};
		7202770B204DE9B3004A9C6B /* Frameworks */ = {
			isa = PBXFrameworksBuildPhase;
			buildActionMask = 2147483647;
			files = (
			);
			runOnlyForDeploymentPostprocessing = 0;
		};
/* End PBXFrameworksBuildPhase section */

/* Begin PBXGroup section */
		720276E6204DE9B1004A9C6B = {
			isa = PBXGroup;
			children = (
				720276F1204DE9B1004A9C6B /* templatetest */,
				72027706204DE9B3004A9C6B /* templatetestTests */,
				72027711204DE9B3004A9C6B /* templatetestUITests */,
				720276F0204DE9B1004A9C6B /* Products */,
			);
			sourceTree = "<group>";
		};
		720276F0204DE9B1004A9C6B /* Products */ = {
			isa = PBXGroup;
			children = (
				720276EF204DE9B1004A9C6B /* templatetest.app */,
				72027703204DE9B3004A9C6B /* templatetestTests.xctest */,
				7202770E204DE9B3004A9C6B /* templatetestUITests.xctest */,
			);
			name = Products;
			sourceTree = "<group>";
		};
		720276F1204DE9B1004A9C6B /* templatetest */ = {
			isa = PBXGroup;
			children = (
				720276F2204DE9B1004A9C6B /* AppDelegate.swift */,
				720276F4204DE9B1004A9C6B /* ViewControlleeeer.swift */,
				720276F6204DE9B1004A9C6B /* Main.storyboard */,
				720276F9204DE9B3004A9C6B /* Assets.xcassets */,
				720276FB204DE9B3004A9C6B /* LaunchScreen.storyboard */,
				72FF0053205068B200A89FE3 /* eststr.swift */,
			);
			path = templatetest;
			sourceTree = "<group>";
		};
		72027706204DE9B3004A9C6B /* templatetestTests */ = {
			isa = PBXGroup;
			children = (
				72027707204DE9B3004A9C6B /* templatetestTests.swift */,
				72027709204DE9B3004A9C6B /* Info.plist */,
			);
			path = templatetestTests;
			sourceTree = "<group>";
		};
		72027711204DE9B3004A9C6B /* templatetestUITests */ = {
			isa = PBXGroup;
			children = (
				72027712204DE9B3004A9C6B /* templatetestUITests.swift */,
				72027714204DE9B3004A9C6B /* Info.plist */,
			);
			path = templatetestUITests;
			sourceTree = "<group>";
		};
/* End PBXGroup section */

/* Begin PBXNativeTarget section */
		720276EE204DE9B1004A9C6B /* templatetest */ = {
			isa = PBXNativeTarget;
			buildConfigurationList = 72027717204DE9B3004A9C6B /* Build configuration list for PBXNativeTarget "templatetest" */;
			buildPhases = (
				720276EB204DE9B1004A9C6B /* Sources */,
				720276EC204DE9B1004A9C6B /* Frameworks */,
				720276ED204DE9B1004A9C6B /* Resources */,
			);
			buildRules = (
			);
			dependencies = (
			);
			name = templatetest;
			productName = templatetest;
			productReference = 720276EF204DE9B1004A9C6B /* templatetest.app */;
			productType = "com.apple.product-type.application";
		};
		72027702204DE9B3004A9C6B /* templatetestTests */ = {
			isa = PBXNativeTarget;
			buildConfigurationList = 7202771A204DE9B3004A9C6B /* Build configuration list for PBXNativeTarget "templatetestTests" */;
			buildPhases = (
				720276FF204DE9B3004A9C6B /* Sources */,
				72027700204DE9B3004A9C6B /* Frameworks */,
				72027701204DE9B3004A9C6B /* Resources */,
			);
			buildRules = (
			);
			dependencies = (
				72027705204DE9B3004A9C6B /* PBXTargetDependency */,
			);
			name = templatetestTests;
			productName = templatetestTests;
			productReference = 72027703204DE9B3004A9C6B /* templatetestTests.xctest */;
			productType = "com.apple.product-type.bundle.unit-test";
		};
		7202770D204DE9B3004A9C6B /* templatetestUITests */ = {
			isa = PBXNativeTarget;
			buildConfigurationList = 7202771D204DE9B3004A9C6B /* Build configuration list for PBXNativeTarget "templatetestUITests" */;
			buildPhases = (
				7202770A204DE9B3004A9C6B /* Sources */,
				7202770B204DE9B3004A9C6B /* Frameworks */,
				7202770C204DE9B3004A9C6B /* Resources */,
			);
			buildRules = (
			);
			dependencies = (
				72027710204DE9B3004A9C6B /* PBXTargetDependency */,
			);
			name = templatetestUITests;
			productName = templatetestUITests;
			productReference = 7202770E204DE9B3004A9C6B /* templatetestUITests.xctest */;
			productType = "com.apple.product-type.bundle.ui-testing";
		};
/* End PBXNativeTarget section */

/* Begin PBXProject section */
		720276E7204DE9B1004A9C6B /* Project object */ = {
			isa = PBXProject;
			attributes = {
				LastSwiftUpdateCheck = 0930;
				LastUpgradeCheck = 0930;
				ORGANIZATIONNAME = local;
				TargetAttributes = {
					720276EE204DE9B1004A9C6B = {
						CreatedOnToolsVersion = 9.3;
					};
					72027702204DE9B3004A9C6B = {
						CreatedOnToolsVersion = 9.3;
						TestTargetID = 720276EE204DE9B1004A9C6B;
					};
					7202770D204DE9B3004A9C6B = {
						CreatedOnToolsVersion = 9.3;
						TestTargetID = 720276EE204DE9B1004A9C6B;
					};
				};
			};
			buildConfigurationList = 720276EA204DE9B1004A9C6B /* Build configuration list for PBXProject "templatetest" */;
			compatibilityVersion = "Xcode 9.3";
			developmentRegion = en;
			hasScannedForEncodings = 0;
			knownRegions = (
				en,
				Base,
			);
			mainGroup = 720276E6204DE9B1004A9C6B;
			productRefGroup = 720276F0204DE9B1004A9C6B /* Products */;
			projectDirPath = "";
			projectRoot = "";
			targets = (
				720276EE204DE9B1004A9C6B /* templatetest */,
				72027702204DE9B3004A9C6B /* templatetestTests */,
				7202770D204DE9B3004A9C6B /* templatetestUITests */,
			);
		};
/* End PBXProject section */

/* Begin PBXResourcesBuildPhase section */
		720276ED204DE9B1004A9C6B /* Resources */ = {
			isa = PBXResourcesBuildPhase;
			buildActionMask = 2147483647;
			files = (
				720276FD204DE9B3004A9C6B /* LaunchScreen.storyboard in Resources */,
				720276FA204DE9B3004A9C6B /* Assets.xcassets in Resources */,
				720276F8204DE9B1004A9C6B /* Main.storyboard in Resources */,
			);
			runOnlyForDeploymentPostprocessing = 0;
		};
		72027701204DE9B3004A9C6B /* Resources */ = {
			isa = PBXResourcesBuildPhase;
			buildActionMask = 2147483647;
			files = (
			);
			runOnlyForDeploymentPostprocessing = 0;
		};
		7202770C204DE9B3004A9C6B /* Resources */ = {
			isa = PBXResourcesBuildPhase;
			buildActionMask = 2147483647;
			files = (
			);
			runOnlyForDeploymentPostprocessing = 0;
		};
/* End PBXResourcesBuildPhase section */

/* Begin PBXSourcesBuildPhase section */
		720276EB204DE9B1004A9C6B /* Sources */ = {
			isa = PBXSourcesBuildPhase;
			buildActionMask = 2147483647;
			files = (
				720276F5204DE9B1004A9C6B /* ViewControlleeeer.swift in Sources */,
				720276F3204DE9B1004A9C6B /* AppDelegate.swift in Sources */,
			);
			runOnlyForDeploymentPostprocessing = 0;
		};
		720276FF204DE9B3004A9C6B /* Sources */ = {
			isa = PBXSourcesBuildPhase;
			buildActionMask = 2147483647;
			files = (
				72FF0054205068B200A89FE3 /* eststr.swift in Sources */,
				72027708204DE9B3004A9C6B /* templatetestTests.swift in Sources */,
			);
			runOnlyForDeploymentPostprocessing = 0;
		};
		7202770A204DE9B3004A9C6B /* Sources */ = {
			isa = PBXSourcesBuildPhase;
			buildActionMask = 2147483647;
			files = (
				72027713204DE9B3004A9C6B /* templatetestUITests.swift in Sources */,
			);
			runOnlyForDeploymentPostprocessing = 0;
		};
/* End PBXSourcesBuildPhase section */

/* Begin PBXTargetDependency section */
		72027705204DE9B3004A9C6B /* PBXTargetDependency */ = {
			isa = PBXTargetDependency;
			target = 720276EE204DE9B1004A9C6B /* templatetest */;
			targetProxy = 72027704204DE9B3004A9C6B /* PBXContainerItemProxy */;
		};
		72027710204DE9B3004A9C6B /* PBXTargetDependency */ = {
			isa = PBXTargetDependency;
			target = 720276EE204DE9B1004A9C6B /* templatetest */;
			targetProxy = 7202770F204DE9B3004A9C6B /* PBXContainerItemProxy */;
		};
/* End PBXTargetDependency section */

/* Begin PBXVariantGroup section */
		720276F6204DE9B1004A9C6B /* Main.storyboard */ = {
			isa = PBXVariantGroup;
			children = (
				720276F7204DE9B1004A9C6B /* Base */,
			);
			name = Main.storyboard;
			sourceTree = "<group>";
		};
		720276FB204DE9B3004A9C6B /* LaunchScreen.storyboard */ = {
			isa = PBXVariantGroup;
			children = (
				720276FC204DE9B3004A9C6B /* Base */,
			);
			name = LaunchScreen.storyboard;
			sourceTree = "<group>";
		};
/* End PBXVariantGroup section */

/* Begin XCBuildConfiguration section */
		72027715204DE9B3004A9C6B /* Debug */ = {
			isa = XCBuildConfiguration;
			buildSettings = {
				ALWAYS_SEARCH_USER_PATHS = NO;
				CLANG_ANALYZER_NONNULL = YES;
				CLANG_ANALYZER_NUMBER_OBJECT_CONVERSION = YES_AGGRESSIVE;
				CLANG_CXX_LANGUAGE_STANDARD = "gnu++14";
				CLANG_CXX_LIBRARY = "libc++";
				CLANG_ENABLE_MODULES = YES;
				CLANG_ENABLE_OBJC_ARC = YES;
				CLANG_ENABLE_OBJC_WEAK = YES;
				CLANG_WARN_BLOCK_CAPTURE_AUTORELEASING = YES;
				CLANG_WARN_BOOL_CONVERSION = YES;
				CLANG_WARN_COMMA = YES;
				CLANG_WARN_CONSTANT_CONVERSION = YES;
				CLANG_WARN_DEPRECATED_OBJC_IMPLEMENTATIONS = YES;
				CLANG_WARN_DIRECT_OBJC_ISA_USAGE = YES_ERROR;
				CLANG_WARN_DOCUMENTATION_COMMENTS = YES;
				CLANG_WARN_EMPTY_BODY = YES;
				CLANG_WARN_ENUM_CONVERSION = YES;
				CLANG_WARN_INFINITE_RECURSION = YES;
				CLANG_WARN_INT_CONVERSION = YES;
				CLANG_WARN_NON_LITERAL_NULL_CONVERSION = YES;
				CLANG_WARN_OBJC_IMPLICIT_RETAIN_SELF = YES;
				CLANG_WARN_OBJC_LITERAL_CONVERSION = YES;
				CLANG_WARN_OBJC_ROOT_CLASS = YES_ERROR;
				CLANG_WARN_RANGE_LOOP_ANALYSIS = YES;
				CLANG_WARN_STRICT_PROTOTYPES = YES;
				CLANG_WARN_SUSPICIOUS_MOVE = YES;
				CLANG_WARN_UNGUARDED_AVAILABILITY = YES_AGGRESSIVE;
				CLANG_WARN_UNREACHABLE_CODE = YES;
				CLANG_WARN__DUPLICATE_METHOD_MATCH = YES;
				CODE_SIGN_IDENTITY = "iPhone Developer";
				COPY_PHASE_STRIP = NO;
				DEBUG_INFORMATION_FORMAT = dwarf;
				ENABLE_STRICT_OBJC_MSGSEND = YES;
				ENABLE_TESTABILITY = YES;
				GCC_C_LANGUAGE_STANDARD = gnu11;
				GCC_DYNAMIC_NO_PIC = NO;
				GCC_NO_COMMON_BLOCKS = YES;
				GCC_OPTIMIZATION_LEVEL = 0;
				GCC_PREPROCESSOR_DEFINITIONS = (
					"DEBUG=1",
					"$(inherited)",
				);
				GCC_WARN_64_TO_32_BIT_CONVERSION = YES;
				GCC_WARN_ABOUT_RETURN_TYPE = YES_ERROR;
				GCC_WARN_UNDECLARED_SELECTOR = YES;
				GCC_WARN_UNINITIALIZED_AUTOS = YES_AGGRESSIVE;
				GCC_WARN_UNUSED_FUNCTION = YES;
				GCC_WARN_UNUSED_VARIABLE = YES;
				IPHONEOS_DEPLOYMENT_TARGET = 11.3;
				MTL_ENABLE_DEBUG_INFO = YES;
				ONLY_ACTIVE_ARCH = YES;
				SDKROOT = iphoneos;
				SWIFT_ACTIVE_COMPILATION_CONDITIONS = DEBUG;
				SWIFT_OPTIMIZATION_LEVEL = "-Onone";
			};
			name = Debug;
		};
		72027716204DE9B3004A9C6B /* Release */ = {
			isa = XCBuildConfiguration;
			buildSettings = {
				ALWAYS_SEARCH_USER_PATHS = NO;
				CLANG_ANALYZER_NONNULL = YES;
				CLANG_ANALYZER_NUMBER_OBJECT_CONVERSION = YES_AGGRESSIVE;
				CLANG_CXX_LANGUAGE_STANDARD = "gnu++14";
				CLANG_CXX_LIBRARY = "libc++";
				CLANG_ENABLE_MODULES = YES;
				CLANG_ENABLE_OBJC_ARC = YES;
				CLANG_ENABLE_OBJC_WEAK = YES;
				CLANG_WARN_BLOCK_CAPTURE_AUTORELEASING = YES;
				CLANG_WARN_BOOL_CONVERSION = YES;
				CLANG_WARN_COMMA = YES;
				CLANG_WARN_CONSTANT_CONVERSION = YES;
				CLANG_WARN_DEPRECATED_OBJC_IMPLEMENTATIONS = YES;
				CLANG_WARN_DIRECT_OBJC_ISA_USAGE = YES_ERROR;
				CLANG_WARN_DOCUMENTATION_COMMENTS = YES;
				CLANG_WARN_EMPTY_BODY = YES;
				CLANG_WARN_ENUM_CONVERSION = YES;
				CLANG_WARN_INFINITE_RECURSION = YES;
				CLANG_WARN_INT_CONVERSION = YES;
				CLANG_WARN_NON_LITERAL_NULL_CONVERSION = YES;
				CLANG_WARN_OBJC_IMPLICIT_RETAIN_SELF = YES;
				CLANG_WARN_OBJC_LITERAL_CONVERSION = YES;
				CLANG_WARN_OBJC_ROOT_CLASS = YES_ERROR;
				CLANG_WARN_RANGE_LOOP_ANALYSIS = YES;
				CLANG_WARN_STRICT_PROTOTYPES = YES;
				CLANG_WARN_SUSPICIOUS_MOVE = YES;
				CLANG_WARN_UNGUARDED_AVAILABILITY = YES_AGGRESSIVE;
				CLANG_WARN_UNREACHABLE_CODE = YES;
				CLANG_WARN__DUPLICATE_METHOD_MATCH = YES;
				CODE_SIGN_IDENTITY = "iPhone Developer";
				COPY_PHASE_STRIP = NO;
				DEBUG_INFORMATION_FORMAT = "dwarf-with-dsym";
				ENABLE_NS_ASSERTIONS = NO;
				ENABLE_STRICT_OBJC_MSGSEND = YES;
				GCC_C_LANGUAGE_STANDARD = gnu11;
				GCC_NO_COMMON_BLOCKS = YES;
				GCC_WARN_64_TO_32_BIT_CONVERSION = YES;
				GCC_WARN_ABOUT_RETURN_TYPE = YES_ERROR;
				GCC_WARN_UNDECLARED_SELECTOR = YES;
				GCC_WARN_UNINITIALIZED_AUTOS = YES_AGGRESSIVE;
				GCC_WARN_UNUSED_FUNCTION = YES;
				GCC_WARN_UNUSED_VARIABLE = YES;
				IPHONEOS_DEPLOYMENT_TARGET = 11.3;
				MTL_ENABLE_DEBUG_INFO = NO;
				SDKROOT = iphoneos;
				SWIFT_COMPILATION_MODE = wholemodule;
				SWIFT_OPTIMIZATION_LEVEL = "-O";
				VALIDATE_PRODUCT = YES;
			};
			name = Release;
		};
		72027718204DE9B3004A9C6B /* Debug */ = {
			isa = XCBuildConfiguration;
			buildSettings = {
				ASSETCATALOG_COMPILER_APPICON_NAME = AppIcon;
				CODE_SIGN_STYLE = Automatic;
				INFOPLIST_FILE = templatetest/Info.plist;
				LD_RUNPATH_SEARCH_PATHS = (
					"$(inherited)",
					"@executable_path/Frameworks",
				);
				PRODUCT_BUNDLE_IDENTIFIER = ddddddd.templatetest;
				PRODUCT_NAME = "$(TARGET_NAME)";
				SWIFT_VERSION = 4.0;
				TARGETED_DEVICE_FAMILY = "1,2";
			};
			name = Debug;
		};
		72027719204DE9B3004A9C6B /* Release */ = {
			isa = XCBuildConfiguration;
			buildSettings = {
				ASSETCATALOG_COMPILER_APPICON_NAME = AppIcon;
				CODE_SIGN_STYLE = Automatic;
				INFOPLIST_FILE = templatetest/Info.plist;
				LD_RUNPATH_SEARCH_PATHS = (
					"$(inherited)",
					"@executable_path/Frameworks",
				);
				PRODUCT_BUNDLE_IDENTIFIER = ddddddd.templatetest;
				PRODUCT_NAME = "$(TARGET_NAME)";
				SWIFT_VERSION = 4.0;
				TARGETED_DEVICE_FAMILY = "1,2";
			};
			name = Release;
		};
		7202771B204DE9B3004A9C6B /* Debug */ = {
			isa = XCBuildConfiguration;
			buildSettings = {
				ALWAYS_EMBED_SWIFT_STANDARD_LIBRARIES = YES;
				BUNDLE_LOADER = "$(TEST_HOST)";
				CODE_SIGN_STYLE = Automatic;
				INFOPLIST_FILE = templatetestTests/Info.plist;
				LD_RUNPATH_SEARCH_PATHS = (
					"$(inherited)",
					"@executable_path/Frameworks",
					"@loader_path/Frameworks",
				);
				PRODUCT_BUNDLE_IDENTIFIER = ddddddd.templatetestTests;
				PRODUCT_NAME = "$(TARGET_NAME)";
				SWIFT_VERSION = 4.0;
				TARGETED_DEVICE_FAMILY = "1,2";
				TEST_HOST = "$(BUILT_PRODUCTS_DIR)/templatetest.app/templatetest";
			};
			name = Debug;
		};
		7202771C204DE9B3004A9C6B /* Release */ = {
			isa = XCBuildConfiguration;
			buildSettings = {
				ALWAYS_EMBED_SWIFT_STANDARD_LIBRARIES = YES;
				BUNDLE_LOADER = "$(TEST_HOST)";
				CODE_SIGN_STYLE = Automatic;
				INFOPLIST_FILE = templatetestTests/Info.plist;
				LD_RUNPATH_SEARCH_PATHS = (
					"$(inherited)",
					"@executable_path/Frameworks",
					"@loader_path/Frameworks",
				);
				PRODUCT_BUNDLE_IDENTIFIER = ddddddd.templatetestTests;
				PRODUCT_NAME = "$(TARGET_NAME)";
				SWIFT_VERSION = 4.0;
				TARGETED_DEVICE_FAMILY = "1,2";
				TEST_HOST = "$(BUILT_PRODUCTS_DIR)/templatetest.app/templatetest";
			};
			name = Release;
		};
		7202771E204DE9B3004A9C6B /* Debug */ = {
			isa = XCBuildConfiguration;
			buildSettings = {
				ALWAYS_EMBED_SWIFT_STANDARD_LIBRARIES = YES;
				CODE_SIGN_STYLE = Automatic;
				INFOPLIST_FILE = templatetestUITests/Info.plist;
				LD_RUNPATH_SEARCH_PATHS = (
					"$(inherited)",
					"@executable_path/Frameworks",
					"@loader_path/Frameworks",
				);
				PRODUCT_BUNDLE_IDENTIFIER = ddddddd.templatetestUITests;
				PRODUCT_NAME = "$(TARGET_NAME)";
				SWIFT_VERSION = 4.0;
				TARGETED_DEVICE_FAMILY = "1,2";
				TEST_TARGET_NAME = templatetest;
			};
			name = Debug;
		};
		7202771F204DE9B3004A9C6B /* Release */ = {
			isa = XCBuildConfiguration;
			buildSettings = {
				ALWAYS_EMBED_SWIFT_STANDARD_LIBRARIES = YES;
				CODE_SIGN_STYLE = Automatic;
				INFOPLIST_FILE = templatetestUITests/Info.plist;
				LD_RUNPATH_SEARCH_PATHS = (
					"$(inherited)",
					"@executable_path/Frameworks",
					"@loader_path/Frameworks",
				);
				PRODUCT_BUNDLE_IDENTIFIER = ddddddd.templatetestUITests;
				PRODUCT_NAME = "$(TARGET_NAME)";
				SWIFT_VERSION = 4.0;
				TARGETED_DEVICE_FAMILY = "1,2";
				TEST_TARGET_NAME = templatetest;
			};
			name = Release;
		};
/* End XCBuildConfiguration section */

/* Begin XCConfigurationList section */
		720276EA204DE9B1004A9C6B /* Build configuration list for PBXProject "templatetest" */ = {
			isa = XCConfigurationList;
			buildConfigurations = (
				72027715204DE9B3004A9C6B /* Debug */,
				72027716204DE9B3004A9C6B /* Release */,
			);
			defaultConfigurationIsVisible = 0;
			defaultConfigurationName = Release;
		};
		72027717204DE9B3004A9C6B /* Build configuration list for PBXNativeTarget "templatetest" */ = {
			isa = XCConfigurationList;
			buildConfigurations = (
				72027718204DE9B3004A9C6B /* Debug */,
				72027719204DE9B3004A9C6B /* Release */,
			);
			defaultConfigurationIsVisible = 0;
			defaultConfigurationName = Release;
		};
		7202771A204DE9B3004A9C6B /* Build configuration list for PBXNativeTarget "templatetestTests" */ = {
			isa = XCConfigurationList;
			buildConfigurations = (
				7202771B204DE9B3004A9C6B /* Debug */,
				7202771C204DE9B3004A9C6B /* Release */,
			);
			defaultConfigurationIsVisible = 0;
			defaultConfigurationName = Release;
		};
		7202771D204DE9B3004A9C6B /* Build configuration list for PBXNativeTarget "templatetestUITests" */ = {
			isa = XCConfigurationList;
			buildConfigurations = (
				7202771E204DE9B3004A9C6B /* Debug */,
				7202771F204DE9B3004A9C6B /* Release */,
			);
			defaultConfigurationIsVisible = 0;
			defaultConfigurationName = Release;
		};
/* End XCConfigurationList section */
	};
	rootObject = 720276E7204DE9B1004A9C6B /* Project object */;
}
